
Microsoft Visual Studio Solution File, Format Version 12.00
# Visual Studio Version 16
VisualStudioVersion = 16.0.29519.87
MinimumVisualStudioVersion = 10.0.40219.1
Project("{8BC9CEB8-8B4A-11D0-8D11-00A0C91BC942}") = "Autoclicker", "Autoclicker.vcxproj", "{7E8E66AA-A2F4-4359-8866-A28CB832BFCB}"
EndProject
Global
	GlobalSection(SolutionConfigurationPlatforms) = preSolution
		Debug|x64 = Debug|x64
		Debug|x86 = Debug|x86
		Release|x64 = Release|x64
		Release|x86 = Release|x86
	EndGlobalSection
	GlobalSection(ProjectConfigurationPlatforms) = postSolution
		{7E8E66AA-A2F4-4359-8866-A28CB832BFCB}.Debug|x64.ActiveCfg = Debug|x64
		{7E8E66AA-A2F4-4359-8866-A28CB832BFCB}.Debug|x64.Build.0 = Debug|x64
		{7E8E66AA-A2F4-4359-8866-A28CB832BFCB}.Debug|x86.ActiveCfg = Debug|Win32
		{7E8E66AA-A2F4-4359-8866-A28CB832BFCB}.Debug|x86.Build.0 = Debug|Win32
		{7E8E66AA-A2F4-4359-8866-A28CB832BFCB}.Release|x64.ActiveCfg = Release|x64
		{7E8E66AA-A2F4-4359-8866-A28CB832BFCB}.Release|x64.Build.0 = Release|x64
		{7E8E66AA-A2F4-4359-8866-A28CB832BFCB}.Release|x86.ActiveCfg = Release|Win32
		{7E8E66AA-A2F4-4359-8866-A28CB832BFCB}.Release|x86.Build.0 = Release|Win32
	EndGlobalSection
	GlobalSection(SolutionProperties) = preSolution
		HideSolutionNode = FALSE
	EndGlobalSection
	GlobalSection(ExtensibilityGlobals) = postSolution
		SolutionGuid = {C2E79B70-27F8-4AA6-97FF-A18261BC81B2}
	EndGlobalSection
EndGlobal
